
Microsoft Visual Studio Solution File, Format Version 12.00
# Visual Studio Version 17
VisualStudioVersion = 17.1.32228.430
MinimumVisualStudioVersion = 10.0.40219.1
Project("{FAE04EC0-301F-11D3-BF4B-00C04F79EFBC}") = "Projekt_gr20", "Projekt_gr20.csproj", "{F9D1195E-8CF4-4A30-B604-EC441C8FAE6E}"
EndProject
Global
	GlobalSection(SolutionConfigurationPlatforms) = preSolution
		Debug|Any CPU = Debug|Any CPU
		Release|Any CPU = Release|Any CPU
	EndGlobalSection
	GlobalSection(ProjectConfigurationPlatforms) = postSolution
		{F9D1195E-8CF4-4A30-B604-EC441C8FAE6E}.Debug|Any CPU.ActiveCfg = Debug|Any CPU
		{F9D1195E-8CF4-4A30-B604-EC441C8FAE6E}.Debug|Any CPU.Build.0 = Debug|Any CPU
		{F9D1195E-8CF4-4A30-B604-EC441C8FAE6E}.Release|Any CPU.ActiveCfg = Release|Any CPU
		{F9D1195E-8CF4-4A30-B604-EC441C8FAE6E}.Release|Any CPU.Build.0 = Release|Any CPU
	EndGlobalSection
	GlobalSection(SolutionProperties) = preSolution
		HideSolutionNode = FALSE
	EndGlobalSection
	GlobalSection(ExtensibilityGlobals) = postSolution
		SolutionGuid = {BF75DC9F-D549-4430-9F2D-8E2528C6450D}
	EndGlobalSection
EndGlobal
